
Microsoft Visual Studio Solution File, Format Version 12.00
# Visual Studio 15
VisualStudioVersion = 15.0.27428.2015
MinimumVisualStudioVersion = 10.0.40219.1
Project("{8BC9CEB8-8B4A-11D0-8D11-00A0C91BC942}") = "text4_5_8", "text4_5_8\text4_5_8.vcxproj", "{00E303C2-355E-40CB-94C5-D1F146CB9F78}"
EndProject
Global
	GlobalSection(SolutionConfigurationPlatforms) = preSolution
		Debug|x64 = Debug|x64
		Debug|x86 = Debug|x86
		Release|x64 = Release|x64
		Release|x86 = Release|x86
	EndGlobalSection
	GlobalSection(ProjectConfigurationPlatforms) = postSolution
		{00E303C2-355E-40CB-94C5-D1F146CB9F78}.Debug|x64.ActiveCfg = Debug|x64
		{00E303C2-355E-40CB-94C5-D1F146CB9F78}.Debug|x64.Build.0 = Debug|x64
		{00E303C2-355E-40CB-94C5-D1F146CB9F78}.Debug|x86.ActiveCfg = Debug|Win32
		{00E303C2-355E-40CB-94C5-D1F146CB9F78}.Debug|x86.Build.0 = Debug|Win32
		{00E303C2-355E-40CB-94C5-D1F146CB9F78}.Release|x64.ActiveCfg = Release|x64
		{00E303C2-355E-40CB-94C5-D1F146CB9F78}.Release|x64.Build.0 = Release|x64
		{00E303C2-355E-40CB-94C5-D1F146CB9F78}.Release|x86.ActiveCfg = Release|Win32
		{00E303C2-355E-40CB-94C5-D1F146CB9F78}.Release|x86.Build.0 = Release|Win32
	EndGlobalSection
	GlobalSection(SolutionProperties) = preSolution
		HideSolutionNode = FALSE
	EndGlobalSection
	GlobalSection(ExtensibilityGlobals) = postSolution
		SolutionGuid = {C6FFD373-3324-4796-BC2C-E973A5D6DA34}
	EndGlobalSection
EndGlobal
