
Microsoft Visual Studio Solution File, Format Version 12.00
# Visual Studio 15
VisualStudioVersion = 15.0.27428.2015
MinimumVisualStudioVersion = 10.0.40219.1
Project("{8BC9CEB8-8B4A-11D0-8D11-00A0C91BC942}") = "text1_3_27", "text1_3_27\text1_3_27.vcxproj", "{8A35B80F-3A79-42C8-A5E2-BF1745648892}"
EndProject
Global
	GlobalSection(SolutionConfigurationPlatforms) = preSolution
		Debug|x64 = Debug|x64
		Debug|x86 = Debug|x86
		Release|x64 = Release|x64
		Release|x86 = Release|x86
	EndGlobalSection
	GlobalSection(ProjectConfigurationPlatforms) = postSolution
		{8A35B80F-3A79-42C8-A5E2-BF1745648892}.Debug|x64.ActiveCfg = Debug|x64
		{8A35B80F-3A79-42C8-A5E2-BF1745648892}.Debug|x64.Build.0 = Debug|x64
		{8A35B80F-3A79-42C8-A5E2-BF1745648892}.Debug|x86.ActiveCfg = Debug|Win32
		{8A35B80F-3A79-42C8-A5E2-BF1745648892}.Debug|x86.Build.0 = Debug|Win32
		{8A35B80F-3A79-42C8-A5E2-BF1745648892}.Release|x64.ActiveCfg = Release|x64
		{8A35B80F-3A79-42C8-A5E2-BF1745648892}.Release|x64.Build.0 = Release|x64
		{8A35B80F-3A79-42C8-A5E2-BF1745648892}.Release|x86.ActiveCfg = Release|Win32
		{8A35B80F-3A79-42C8-A5E2-BF1745648892}.Release|x86.Build.0 = Release|Win32
	EndGlobalSection
	GlobalSection(SolutionProperties) = preSolution
		HideSolutionNode = FALSE
	EndGlobalSection
	GlobalSection(ExtensibilityGlobals) = postSolution
		SolutionGuid = {A798537C-0A74-43E8-9147-6128F711AA55}
	EndGlobalSection
EndGlobal
