
Microsoft Visual Studio Solution File, Format Version 12.00
# Visual Studio 15
VisualStudioVersion = 15.0.27428.2015
MinimumVisualStudioVersion = 10.0.40219.1
Project("{8BC9CEB8-8B4A-11D0-8D11-00A0C91BC942}") = "text3_3_29", "text3_3_29\text3_3_29.vcxproj", "{0D82AC39-DD31-4F80-82E6-AE5A5A0DD897}"
EndProject
Global
	GlobalSection(SolutionConfigurationPlatforms) = preSolution
		Debug|x64 = Debug|x64
		Debug|x86 = Debug|x86
		Release|x64 = Release|x64
		Release|x86 = Release|x86
	EndGlobalSection
	GlobalSection(ProjectConfigurationPlatforms) = postSolution
		{0D82AC39-DD31-4F80-82E6-AE5A5A0DD897}.Debug|x64.ActiveCfg = Debug|x64
		{0D82AC39-DD31-4F80-82E6-AE5A5A0DD897}.Debug|x64.Build.0 = Debug|x64
		{0D82AC39-DD31-4F80-82E6-AE5A5A0DD897}.Debug|x86.ActiveCfg = Debug|Win32
		{0D82AC39-DD31-4F80-82E6-AE5A5A0DD897}.Debug|x86.Build.0 = Debug|Win32
		{0D82AC39-DD31-4F80-82E6-AE5A5A0DD897}.Release|x64.ActiveCfg = Release|x64
		{0D82AC39-DD31-4F80-82E6-AE5A5A0DD897}.Release|x64.Build.0 = Release|x64
		{0D82AC39-DD31-4F80-82E6-AE5A5A0DD897}.Release|x86.ActiveCfg = Release|Win32
		{0D82AC39-DD31-4F80-82E6-AE5A5A0DD897}.Release|x86.Build.0 = Release|Win32
	EndGlobalSection
	GlobalSection(SolutionProperties) = preSolution
		HideSolutionNode = FALSE
	EndGlobalSection
	GlobalSection(ExtensibilityGlobals) = postSolution
		SolutionGuid = {CB444D29-31FD-47D4-AAB6-DCAE57316028}
	EndGlobalSection
EndGlobal
