
Microsoft Visual Studio Solution File, Format Version 12.00
# Visual Studio 15
VisualStudioVersion = 15.0.27428.2015
MinimumVisualStudioVersion = 10.0.40219.1
Project("{8BC9CEB8-8B4A-11D0-8D11-00A0C91BC942}") = "cfkjb", "cfkjb\cfkjb.vcxproj", "{864F1286-CE4A-47DA-8F0E-6DED3796D6E6}"
EndProject
Global
	GlobalSection(SolutionConfigurationPlatforms) = preSolution
		Debug|x64 = Debug|x64
		Debug|x86 = Debug|x86
		Release|x64 = Release|x64
		Release|x86 = Release|x86
	EndGlobalSection
	GlobalSection(ProjectConfigurationPlatforms) = postSolution
		{864F1286-CE4A-47DA-8F0E-6DED3796D6E6}.Debug|x64.ActiveCfg = Debug|x64
		{864F1286-CE4A-47DA-8F0E-6DED3796D6E6}.Debug|x64.Build.0 = Debug|x64
		{864F1286-CE4A-47DA-8F0E-6DED3796D6E6}.Debug|x86.ActiveCfg = Debug|Win32
		{864F1286-CE4A-47DA-8F0E-6DED3796D6E6}.Debug|x86.Build.0 = Debug|Win32
		{864F1286-CE4A-47DA-8F0E-6DED3796D6E6}.Release|x64.ActiveCfg = Release|x64
		{864F1286-CE4A-47DA-8F0E-6DED3796D6E6}.Release|x64.Build.0 = Release|x64
		{864F1286-CE4A-47DA-8F0E-6DED3796D6E6}.Release|x86.ActiveCfg = Release|Win32
		{864F1286-CE4A-47DA-8F0E-6DED3796D6E6}.Release|x86.Build.0 = Release|Win32
	EndGlobalSection
	GlobalSection(SolutionProperties) = preSolution
		HideSolutionNode = FALSE
	EndGlobalSection
	GlobalSection(ExtensibilityGlobals) = postSolution
		SolutionGuid = {F2BACCF0-4EE9-408F-B203-5AF86B13D822}
	EndGlobalSection
EndGlobal
