
Microsoft Visual Studio Solution File, Format Version 12.00
# Visual Studio 15
VisualStudioVersion = 15.0.27428.2015
MinimumVisualStudioVersion = 10.0.40219.1
Project("{8BC9CEB8-8B4A-11D0-8D11-00A0C91BC942}") = "test3_5_10", "test3_5_10\test3_5_10.vcxproj", "{59F46F34-1167-4D50-806F-1ED76B80C48F}"
EndProject
Global
	GlobalSection(SolutionConfigurationPlatforms) = preSolution
		Debug|x64 = Debug|x64
		Debug|x86 = Debug|x86
		Release|x64 = Release|x64
		Release|x86 = Release|x86
	EndGlobalSection
	GlobalSection(ProjectConfigurationPlatforms) = postSolution
		{59F46F34-1167-4D50-806F-1ED76B80C48F}.Debug|x64.ActiveCfg = Debug|x64
		{59F46F34-1167-4D50-806F-1ED76B80C48F}.Debug|x64.Build.0 = Debug|x64
		{59F46F34-1167-4D50-806F-1ED76B80C48F}.Debug|x86.ActiveCfg = Debug|Win32
		{59F46F34-1167-4D50-806F-1ED76B80C48F}.Debug|x86.Build.0 = Debug|Win32
		{59F46F34-1167-4D50-806F-1ED76B80C48F}.Release|x64.ActiveCfg = Release|x64
		{59F46F34-1167-4D50-806F-1ED76B80C48F}.Release|x64.Build.0 = Release|x64
		{59F46F34-1167-4D50-806F-1ED76B80C48F}.Release|x86.ActiveCfg = Release|Win32
		{59F46F34-1167-4D50-806F-1ED76B80C48F}.Release|x86.Build.0 = Release|Win32
	EndGlobalSection
	GlobalSection(SolutionProperties) = preSolution
		HideSolutionNode = FALSE
	EndGlobalSection
	GlobalSection(ExtensibilityGlobals) = postSolution
		SolutionGuid = {A6B9DE2F-2263-424D-9EE8-43CB750925E9}
	EndGlobalSection
EndGlobal
