
Microsoft Visual Studio Solution File, Format Version 12.00
# Visual Studio 15
VisualStudioVersion = 15.0.27428.2015
MinimumVisualStudioVersion = 10.0.40219.1
Project("{8BC9CEB8-8B4A-11D0-8D11-00A0C91BC942}") = "HashBacket", "HashBacket\HashBacket.vcxproj", "{3C13C195-9E4D-405D-8817-3CD150A3859B}"
EndProject
Global
	GlobalSection(SolutionConfigurationPlatforms) = preSolution
		Debug|x64 = Debug|x64
		Debug|x86 = Debug|x86
		Release|x64 = Release|x64
		Release|x86 = Release|x86
	EndGlobalSection
	GlobalSection(ProjectConfigurationPlatforms) = postSolution
		{3C13C195-9E4D-405D-8817-3CD150A3859B}.Debug|x64.ActiveCfg = Debug|x64
		{3C13C195-9E4D-405D-8817-3CD150A3859B}.Debug|x64.Build.0 = Debug|x64
		{3C13C195-9E4D-405D-8817-3CD150A3859B}.Debug|x86.ActiveCfg = Debug|Win32
		{3C13C195-9E4D-405D-8817-3CD150A3859B}.Debug|x86.Build.0 = Debug|Win32
		{3C13C195-9E4D-405D-8817-3CD150A3859B}.Release|x64.ActiveCfg = Release|x64
		{3C13C195-9E4D-405D-8817-3CD150A3859B}.Release|x64.Build.0 = Release|x64
		{3C13C195-9E4D-405D-8817-3CD150A3859B}.Release|x86.ActiveCfg = Release|Win32
		{3C13C195-9E4D-405D-8817-3CD150A3859B}.Release|x86.Build.0 = Release|Win32
	EndGlobalSection
	GlobalSection(SolutionProperties) = preSolution
		HideSolutionNode = FALSE
	EndGlobalSection
	GlobalSection(ExtensibilityGlobals) = postSolution
		SolutionGuid = {8B36E395-A69B-45AF-ABB6-5EB54ABBC021}
	EndGlobalSection
EndGlobal
